Microsoft Visual Studio Solution File, Format Version 12.00
# Visual Studio Version 17
VisualStudioVersion = 17.5.2.0
MinimumVisualStudioVersion = 10.0.40219.1
Project("{2150E333-8FDC-42A3-9474-1A3956D46DE8}") = "basics", "basics", "{6EA703D0-191A-D862-B1E6-67D1C8054AC9}"
EndProject
Project("{FAE04EC0-301F-11D3-BF4B-00C04F79EFBC}") = "console1", "basics\console1\console1.csproj", "{E95F77F8-0032-936A-0B65-FE2A15802042}"
EndProject
Project("{FAE04EC0-301F-11D3-BF4B-00C04F79EFBC}") = "mvc", "basics\mvc\mvc.csproj", "{8381D4D7-6CAF-EBCA-5ED3-68E7134A25B5}"
EndProject
Global
	GlobalSection(SolutionConfigurationPlatforms) = preSolution
		Debug|Any CPU = Debug|Any CPU
		Release|Any CPU = Release|Any CPU
	EndGlobalSection
	GlobalSection(ProjectConfigurationPlatforms) = postSolution
		{E95F77F8-0032-936A-0B65-FE2A15802042}.Debug|Any CPU.ActiveCfg = Debug|Any CPU
		{E95F77F8-0032-936A-0B65-FE2A15802042}.Debug|Any CPU.Build.0 = Debug|Any CPU
		{E95F77F8-0032-936A-0B65-FE2A15802042}.Release|Any CPU.ActiveCfg = Release|Any CPU
		{E95F77F8-0032-936A-0B65-FE2A15802042}.Release|Any CPU.Build.0 = Release|Any CPU
		{8381D4D7-6CAF-EBCA-5ED3-68E7134A25B5}.Debug|Any CPU.ActiveCfg = Debug|Any CPU
		{8381D4D7-6CAF-EBCA-5ED3-68E7134A25B5}.Debug|Any CPU.Build.0 = Debug|Any CPU
		{8381D4D7-6CAF-EBCA-5ED3-68E7134A25B5}.Release|Any CPU.ActiveCfg = Release|Any CPU
		{8381D4D7-6CAF-EBCA-5ED3-68E7134A25B5}.Release|Any CPU.Build.0 = Release|Any CPU
	EndGlobalSection
	GlobalSection(SolutionProperties) = preSolution
		HideSolutionNode = FALSE
	EndGlobalSection
	GlobalSection(NestedProjects) = preSolution
		{E95F77F8-0032-936A-0B65-FE2A15802042} = {6EA703D0-191A-D862-B1E6-67D1C8054AC9}
		{8381D4D7-6CAF-EBCA-5ED3-68E7134A25B5} = {6EA703D0-191A-D862-B1E6-67D1C8054AC9}
	EndGlobalSection
	GlobalSection(ExtensibilityGlobals) = postSolution
		SolutionGuid = {90BA5777-11CD-4EF7-B1A9-80B2146B6473}
	EndGlobalSection
EndGlobal
